
Microsoft Visual Studio Solution File, Format Version 12.00
# Visual Studio Version 17
VisualStudioVersion = 17.0.31903.59
MinimumVisualStudioVersion = 10.0.40219.1
Project("{2150E333-8FDC-42A3-9474-1A3956D46DE8}") = "src", "src", "{8D7ED9CC-5AED-4B2B-8897-70D6A32D3EA9}"
EndProject
Project("{FAE04EC0-301F-11D3-BF4B-00C04F79EFBC}") = "Basionix.BaseEntities.EntityFramework.Interceptors", "src\Basionix.BaseEntities.EntityFramework.Interceptors\Basionix.BaseEntities.EntityFramework.Interceptors.csproj", "{F211C349-9E58-458D-8CBA-8B2B25D471C2}"
EndProject
Project("{FAE04EC0-301F-11D3-BF4B-00C04F79EFBC}") = "Basionix.BaseEntities.EntityFramework.Interceptors.Tests", "src\Basionix.BaseEntities.EntityFramework.Interceptors.Tests\Basionix.BaseEntities.EntityFramework.Interceptors.Tests.csproj", "{7FDC557B-2A13-41C5-A47A-031363B16C36}"
EndProject
Global
	GlobalSection(SolutionConfigurationPlatforms) = preSolution
		Debug|Any CPU = Debug|Any CPU
		Release|Any CPU = Release|Any CPU
	EndGlobalSection
	GlobalSection(SolutionProperties) = preSolution
		HideSolutionNode = FALSE
	EndGlobalSection
	GlobalSection(ProjectConfigurationPlatforms) = postSolution
		{F211C349-9E58-458D-8CBA-8B2B25D471C2}.Debug|Any CPU.ActiveCfg = Debug|Any CPU
		{F211C349-9E58-458D-8CBA-8B2B25D471C2}.Debug|Any CPU.Build.0 = Debug|Any CPU
		{F211C349-9E58-458D-8CBA-8B2B25D471C2}.Release|Any CPU.ActiveCfg = Release|Any CPU
		{F211C349-9E58-458D-8CBA-8B2B25D471C2}.Release|Any CPU.Build.0 = Release|Any CPU
		{7FDC557B-2A13-41C5-A47A-031363B16C36}.Debug|Any CPU.ActiveCfg = Debug|Any CPU
		{7FDC557B-2A13-41C5-A47A-031363B16C36}.Debug|Any CPU.Build.0 = Debug|Any CPU
		{7FDC557B-2A13-41C5-A47A-031363B16C36}.Release|Any CPU.ActiveCfg = Release|Any CPU
		{7FDC557B-2A13-41C5-A47A-031363B16C36}.Release|Any CPU.Build.0 = Release|Any CPU
	EndGlobalSection
	GlobalSection(NestedProjects) = preSolution
		{F211C349-9E58-458D-8CBA-8B2B25D471C2} = {8D7ED9CC-5AED-4B2B-8897-70D6A32D3EA9}
		{7FDC557B-2A13-41C5-A47A-031363B16C36} = {8D7ED9CC-5AED-4B2B-8897-70D6A32D3EA9}
	EndGlobalSection
EndGlobal
